
Microsoft Visual Studio Solution File, Format Version 12.00
# Visual Studio Version 16
VisualStudioVersion = 16.0.30907.101
MinimumVisualStudioVersion = 10.0.40219.1
Project("{FAE04EC0-301F-11D3-BF4B-00C04F79EFBC}") = "Heranca", "Heranca\Heranca.csproj", "{BAC9F3D3-2CB2-4638-837B-C66502E8DB95}"
EndProject
Global
	GlobalSection(SolutionConfigurationPlatforms) = preSolution
		Debug|Any CPU = Debug|Any CPU
		Release|Any CPU = Release|Any CPU
	EndGlobalSection
	GlobalSection(ProjectConfigurationPlatforms) = postSolution
		{BAC9F3D3-2CB2-4638-837B-C66502E8DB95}.Debug|Any CPU.ActiveCfg = Debug|Any CPU
		{BAC9F3D3-2CB2-4638-837B-C66502E8DB95}.Debug|Any CPU.Build.0 = Debug|Any CPU
		{BAC9F3D3-2CB2-4638-837B-C66502E8DB95}.Release|Any CPU.ActiveCfg = Release|Any CPU
		{BAC9F3D3-2CB2-4638-837B-C66502E8DB95}.Release|Any CPU.Build.0 = Release|Any CPU
	EndGlobalSection
	GlobalSection(SolutionProperties) = preSolution
		HideSolutionNode = FALSE
	EndGlobalSection
	GlobalSection(ExtensibilityGlobals) = postSolution
		SolutionGuid = {0B7548C0-550A-4C17-8371-2E98B7A5F1E0}
	EndGlobalSection
EndGlobal
